{
  "version": 4,
  "terraform_version": "1.2.2",
  "serial": 36,
  "lineage": "2486913c-7e03-1fe7-1b94-f2e3dfca31f2",
  "outputs": {
    "webapp_url": {
      "value": "chess-web-app-libkvm.azurewebsites.net",
      "type": "string"
    }
  },
  "resources": [
    {
      "mode": "managed",
      "type": "azurerm_app_service_source_control",
      "name": "scm",
      "provider": "provider[\"registry.terraform.io/hashicorp/azurerm\"]",
      "instances": [
        {
          "schema_version": 0,
          "attributes": {
            "app_id": "/subscriptions/128201c0-2feb-4be5-8c99-dcdfbc556b9c/resourceGroups/.net_chess_project/providers/Microsoft.Web/sites/chess-web-app-libkvm",
            "branch": "main",
            "github_action_configuration": [],
            "id": "/subscriptions/128201c0-2feb-4be5-8c99-dcdfbc556b9c/resourceGroups/.net_chess_project/providers/Microsoft.Web/sites/chess-web-app-libkvm",
            "repo_url": "https://github.com/Stringls/Chess",
            "rollback_enabled": false,
            "scm_type": "GitHub",
            "timeouts": null,
            "use_local_git": false,
            "use_manual_integration": false,
            "use_mercurial": false,
            "uses_github_action": false
          },
          "sensitive_attributes": [],
          "private": "eyJlMmJmYjczMC1lY2FhLTExZTYtOGY4OC0zNDM2M2JjN2M0YzAiOnsiY3JlYXRlIjoxODAwMDAwMDAwMDAwLCJkZWxldGUiOjE4MDAwMDAwMDAwMDAsInJlYWQiOjMwMDAwMDAwMDAwMH19",
          "dependencies": [
            "azurerm_linux_web_app.webapp",
            "azurerm_mssql_database.db",
            "azurerm_mssql_server.sqldb",
            "azurerm_resource_group.rg",
            "azurerm_service_plan.app_plan",
            "azurerm_storage_account.sa",
            "azurerm_storage_share.sashare",
            "random_string.suffix"
          ]
        }
      ]
    },
    {
      "mode": "managed",
      "type": "azurerm_linux_web_app",
      "name": "webapp",
      "provider": "provider[\"registry.terraform.io/hashicorp/azurerm\"]",
      "instances": [
        {
          "schema_version": 0,
          "attributes": {
            "app_settings": {
              "ASPNETCORE_ENVIRONMENT": "Development"
            },
            "auth_settings": [
              {
                "active_directory": [],
                "additional_login_parameters": {},
                "allowed_external_redirect_urls": [],
                "default_provider": "",
                "enabled": false,
                "facebook": [],
                "github": [],
                "google": [],
                "issuer": "",
                "microsoft": [],
                "runtime_version": "",
                "token_refresh_extension_hours": 0,
                "token_store_enabled": false,
                "twitter": [],
                "unauthenticated_client_action": ""
              }
            ],
            "backup": [],
            "client_affinity_enabled": false,
            "client_certificate_enabled": false,
            "client_certificate_mode": "Required",
            "connection_string": [
              {
                "name": "ChessDb",
                "type": "SQLServer",
                "value": "Server=tcp:chess-sql-libkvm.database.windows.net,1433;Database=Chess;User ID=stringls;Password='p@ssw0rd';Trusted_Connection=False;Encrypt=True;"
              }
            ],
            "custom_domain_verification_id": "B656261A342317C8B2E8F51353662681923F258BFD7AB01003D322F8F1BD0856",
            "default_hostname": "chess-web-app-libkvm.azurewebsites.net",
            "enabled": true,
            "https_only": false,
            "id": "/subscriptions/128201c0-2feb-4be5-8c99-dcdfbc556b9c/resourceGroups/.net_chess_project/providers/Microsoft.Web/sites/chess-web-app-libkvm",
            "identity": [],
            "key_vault_reference_identity_id": "SystemAssigned",
            "kind": "app,linux",
            "location": "northeurope",
            "logs": [],
            "name": "chess-web-app-libkvm",
            "outbound_ip_address_list": [
              "20.82.212.107",
              "20.93.25.23",
              "20.93.25.116",
              "20.93.25.123",
              "20.82.212.220",
              "20.93.25.131",
              "20.50.64.18"
            ],
            "outbound_ip_addresses": "20.82.212.107,20.93.25.23,20.93.25.116,20.93.25.123,20.82.212.220,20.93.25.131,20.50.64.18",
            "possible_outbound_ip_address_list": [
              "20.82.212.107",
              "20.93.25.23",
              "20.93.25.116",
              "20.93.25.123",
              "20.82.212.220",
              "20.93.25.131",
              "20.93.25.136",
              "20.82.214.157",
              "20.93.24.105",
              "20.93.24.141",
              "20.82.214.3",
              "20.93.24.182",
              "20.93.25.195",
              "20.93.25.219",
              "20.93.24.101",
              "20.93.24.11",
              "20.93.25.220",
              "20.93.24.124",
              "20.67.128.62",
              "20.67.128.72",
              "20.67.128.194",
              "20.67.128.230",
              "20.67.129.156",
              "20.67.129.249",
              "20.50.64.18"
            ],
            "possible_outbound_ip_addresses": "20.82.212.107,20.93.25.23,20.93.25.116,20.93.25.123,20.82.212.220,20.93.25.131,20.93.25.136,20.82.214.157,20.93.24.105,20.93.24.141,20.82.214.3,20.93.24.182,20.93.25.195,20.93.25.219,20.93.24.101,20.93.24.11,20.93.25.220,20.93.24.124,20.67.128.62,20.67.128.72,20.67.128.194,20.67.128.230,20.67.129.156,20.67.129.249,20.50.64.18",
            "resource_group_name": ".net_chess_project",
            "service_plan_id": "/subscriptions/128201c0-2feb-4be5-8c99-dcdfbc556b9c/resourceGroups/.net_chess_project/providers/Microsoft.Web/serverfarms/chess-app-service-plan-libkvm",
            "site_config": [
              {
                "always_on": false,
                "api_definition_url": "",
                "api_management_api_id": "",
                "app_command_line": "dotnet Chess.Web.dll",
                "application_stack": [
                  {
                    "docker_image": "",
                    "docker_image_tag": "",
                    "dotnet_version": "6.0",
                    "java_server": "",
                    "java_server_version": "",
                    "java_version": "",
                    "node_version": "",
                    "php_version": "",
                    "python_version": "",
                    "ruby_version": ""
                  }
                ],
                "auto_heal_enabled": false,
                "auto_heal_setting": [],
                "container_registry_managed_identity_client_id": "",
                "container_registry_use_managed_identity": false,
                "cors": [],
                "default_documents": [
                  "Default.htm",
                  "Default.html",
                  "Default.asp",
                  "index.htm",
                  "index.html",
                  "iisstart.htm",
                  "default.aspx",
                  "index.php",
                  "hostingstart.html"
                ],
                "detailed_error_logging_enabled": false,
                "ftps_state": "Disabled",
                "health_check_eviction_time_in_min": 0,
                "health_check_path": "",
                "http2_enabled": false,
                "ip_restriction": [],
                "linux_fx_version": "DOTNETCORE|6.0",
                "load_balancing_mode": "LeastRequests",
                "local_mysql_enabled": false,
                "managed_pipeline_mode": "Integrated",
                "minimum_tls_version": "1.2",
                "remote_debugging_enabled": false,
                "remote_debugging_version": "VS2019",
                "scm_ip_restriction": [],
                "scm_minimum_tls_version": "1.2",
                "scm_type": "None",
                "scm_use_main_ip_restriction": false,
                "use_32_bit_worker": true,
                "vnet_route_all_enabled": false,
                "websockets_enabled": false,
                "worker_count": 1
              }
            ],
            "site_credential": [
              {
                "name": "$chess-web-app-libkvm",
                "password": "Yhb95tqewvdpF1FaczPmupvYgwqhT1Mn3naiY1uP6mwG7GLYQl6mApngPRDL"
              }
            ],
            "sticky_settings": [],
            "storage_account": [
              {
                "access_key": "mfwAFFuj9R2P+gc+bUMmmkezhE8sQwyMTBOeDkPwxR+B5R6GF6XyXB913lL40vn2u//vP6bCjnvj+AStehDTXw==",
                "account_name": "chessstoragelibkvm",
                "mount_path": "/home/site/wwwroot/wp-content",
                "name": "wpcontent",
                "share_name": "chess-sashare-libkvm",
                "type": "AzureFiles"
              }
            ],
            "tags": null,
            "timeouts": null,
            "zip_deploy_file": ""
          },
          "sensitive_attributes": [
            [
              {
                "type": "get_attr",
                "value": "storage_account"
              }
            ],
            [
              {
                "type": "get_attr",
                "value": "connection_string"
              }
            ]
          ],
          "private": "eyJlMmJmYjczMC1lY2FhLTExZTYtOGY4OC0zNDM2M2JjN2M0YzAiOnsiY3JlYXRlIjoxODAwMDAwMDAwMDAwLCJkZWxldGUiOjE4MDAwMDAwMDAwMDAsInJlYWQiOjMwMDAwMDAwMDAwMCwidXBkYXRlIjoxODAwMDAwMDAwMDAwfX0=",
          "dependencies": [
            "azurerm_mssql_database.db",
            "azurerm_mssql_server.sqldb",
            "azurerm_resource_group.rg",
            "azurerm_service_plan.app_plan",
            "azurerm_storage_account.sa",
            "azurerm_storage_share.sashare",
            "random_string.suffix"
          ]
        }
      ]
    },
    {
      "mode": "managed",
      "type": "azurerm_mssql_database",
      "name": "db",
      "provider": "provider[\"registry.terraform.io/hashicorp/azurerm\"]",
      "instances": [
        {
          "schema_version": 1,
          "attributes": {
            "auto_pause_delay_in_minutes": 0,
            "collation": "SQL_Latin1_General_CP1_CI_AS",
            "create_mode": "Default",
            "creation_source_database_id": null,
            "elastic_pool_id": "",
            "geo_backup_enabled": true,
            "id": "/subscriptions/128201c0-2feb-4be5-8c99-dcdfbc556b9c/resourceGroups/.net_chess_project/providers/Microsoft.Sql/servers/chess-sql-libkvm/databases/Chess",
            "ledger_enabled": false,
            "license_type": "",
            "long_term_retention_policy": [
              {
                "monthly_retention": "PT0S",
                "week_of_year": 0,
                "weekly_retention": "PT0S",
                "yearly_retention": "PT0S"
              }
            ],
            "max_size_gb": 1,
            "min_capacity": 0,
            "name": "Chess",
            "read_replica_count": 0,
            "read_scale": false,
            "recover_database_id": null,
            "restore_dropped_database_id": null,
            "restore_point_in_time": null,
            "sample_name": null,
            "server_id": "/subscriptions/128201c0-2feb-4be5-8c99-dcdfbc556b9c/resourceGroups/.net_chess_project/providers/Microsoft.Sql/servers/chess-sql-libkvm",
            "short_term_retention_policy": [
              {
                "backup_interval_in_hours": 24,
                "retention_days": 7
              }
            ],
            "sku_name": "Basic",
            "storage_account_type": "Geo",
            "tags": {},
            "threat_detection_policy": [
              {
                "disabled_alerts": [],
                "email_account_admins": "Disabled",
                "email_addresses": [],
                "retention_days": 0,
                "state": "Disabled",
                "storage_account_access_key": "",
                "storage_endpoint": ""
              }
            ],
            "timeouts": null,
            "transparent_data_encryption_enabled": true,
            "zone_redundant": false
          },
          "sensitive_attributes": [],
          "private": "eyJlMmJmYjczMC1lY2FhLTExZTYtOGY4OC0zNDM2M2JjN2M0YzAiOnsiY3JlYXRlIjozNjAwMDAwMDAwMDAwLCJkZWxldGUiOjM2MDAwMDAwMDAwMDAsInJlYWQiOjMwMDAwMDAwMDAwMCwidXBkYXRlIjozNjAwMDAwMDAwMDAwfSwic2NoZW1hX3ZlcnNpb24iOiIxIn0=",
          "dependencies": [
            "azurerm_mssql_server.sqldb",
            "azurerm_resource_group.rg",
            "random_string.suffix"
          ]
        }
      ]
    },
    {
      "mode": "managed",
      "type": "azurerm_mssql_database_extended_auditing_policy",
      "name": "db_policy",
      "provider": "provider[\"registry.terraform.io/hashicorp/azurerm\"]",
      "instances": [
        {
          "schema_version": 0,
          "attributes": {
            "database_id": "/subscriptions/128201c0-2feb-4be5-8c99-dcdfbc556b9c/resourceGroups/.net_chess_project/providers/Microsoft.Sql/servers/chess-sql-libkvm/databases/Chess",
            "enabled": true,
            "id": "/subscriptions/128201c0-2feb-4be5-8c99-dcdfbc556b9c/resourceGroups/.net_chess_project/providers/Microsoft.Sql/servers/chess-sql-libkvm/databases/Chess/extendedAuditingSettings/Default",
            "log_monitoring_enabled": true,
            "retention_in_days": 6,
            "storage_account_access_key": "mfwAFFuj9R2P+gc+bUMmmkezhE8sQwyMTBOeDkPwxR+B5R6GF6XyXB913lL40vn2u//vP6bCjnvj+AStehDTXw==",
            "storage_account_access_key_is_secondary": false,
            "storage_endpoint": "https://chessstoragelibkvm.blob.core.windows.net/",
            "timeouts": null
          },
          "sensitive_attributes": [
            [
              {
                "type": "get_attr",
                "value": "storage_account_access_key"
              }
            ]
          ],
          "private": "eyJlMmJmYjczMC1lY2FhLTExZTYtOGY4OC0zNDM2M2JjN2M0YzAiOnsiY3JlYXRlIjoxODAwMDAwMDAwMDAwLCJkZWxldGUiOjE4MDAwMDAwMDAwMDAsInJlYWQiOjMwMDAwMDAwMDAwMCwidXBkYXRlIjoxODAwMDAwMDAwMDAwfX0=",
          "dependencies": [
            "azurerm_mssql_database.db",
            "azurerm_mssql_server.sqldb",
            "azurerm_resource_group.rg",
            "azurerm_storage_account.sa",
            "random_string.suffix"
          ]
        }
      ]
    },
    {
      "mode": "managed",
      "type": "azurerm_mssql_firewall_rule",
      "name": "allow_all_azure_ips",
      "provider": "provider[\"registry.terraform.io/hashicorp/azurerm\"]",
      "instances": [
        {
          "schema_version": 0,
          "attributes": {
            "end_ip_address": "0.0.0.0",
            "id": "/subscriptions/128201c0-2feb-4be5-8c99-dcdfbc556b9c/resourceGroups/.net_chess_project/providers/Microsoft.Sql/servers/chess-sql-libkvm/firewallRules/AllowAllWindowsAzureIps",
            "name": "AllowAllWindowsAzureIps",
            "server_id": "/subscriptions/128201c0-2feb-4be5-8c99-dcdfbc556b9c/resourceGroups/.net_chess_project/providers/Microsoft.Sql/servers/chess-sql-libkvm",
            "start_ip_address": "0.0.0.0",
            "timeouts": null
          },
          "sensitive_attributes": [],
          "private": "eyJlMmJmYjczMC1lY2FhLTExZTYtOGY4OC0zNDM2M2JjN2M0YzAiOnsiY3JlYXRlIjoxODAwMDAwMDAwMDAwLCJkZWxldGUiOjE4MDAwMDAwMDAwMDAsInJlYWQiOjMwMDAwMDAwMDAwMCwidXBkYXRlIjoxODAwMDAwMDAwMDAwfX0=",
          "dependencies": [
            "azurerm_mssql_server.sqldb",
            "azurerm_resource_group.rg",
            "random_string.suffix"
          ]
        }
      ]
    },
    {
      "mode": "managed",
      "type": "azurerm_mssql_server",
      "name": "sqldb",
      "provider": "provider[\"registry.terraform.io/hashicorp/azurerm\"]",
      "instances": [
        {
          "schema_version": 0,
          "attributes": {
            "administrator_login": "stringls",
            "administrator_login_password": "p@ssw0rd",
            "azuread_administrator": [],
            "connection_policy": "Default",
            "fully_qualified_domain_name": "chess-sql-libkvm.database.windows.net",
            "id": "/subscriptions/128201c0-2feb-4be5-8c99-dcdfbc556b9c/resourceGroups/.net_chess_project/providers/Microsoft.Sql/servers/chess-sql-libkvm",
            "identity": [],
            "location": "northeurope",
            "minimum_tls_version": "1.2",
            "name": "chess-sql-libkvm",
            "outbound_network_restriction_enabled": false,
            "primary_user_assigned_identity_id": "",
            "public_network_access_enabled": true,
            "resource_group_name": ".net_chess_project",
            "restorable_dropped_database_ids": [],
            "tags": {},
            "timeouts": null,
            "version": "12.0"
          },
          "sensitive_attributes": [
            [
              {
                "type": "get_attr",
                "value": "administrator_login_password"
              }
            ]
          ],
          "private": "eyJlMmJmYjczMC1lY2FhLTExZTYtOGY4OC0zNDM2M2JjN2M0YzAiOnsiY3JlYXRlIjozNjAwMDAwMDAwMDAwLCJkZWxldGUiOjM2MDAwMDAwMDAwMDAsInJlYWQiOjMwMDAwMDAwMDAwMCwidXBkYXRlIjozNjAwMDAwMDAwMDAwfX0=",
          "dependencies": [
            "azurerm_resource_group.rg",
            "random_string.suffix"
          ]
        }
      ]
    },
    {
      "mode": "managed",
      "type": "azurerm_resource_group",
      "name": "rg",
      "provider": "provider[\"registry.terraform.io/hashicorp/azurerm\"]",
      "instances": [
        {
          "schema_version": 0,
          "attributes": {
            "id": "/subscriptions/128201c0-2feb-4be5-8c99-dcdfbc556b9c/resourceGroups/.net_chess_project",
            "location": "northeurope",
            "name": ".net_chess_project",
            "tags": {},
            "timeouts": null
          },
          "sensitive_attributes": [],
          "private": "eyJlMmJmYjczMC1lY2FhLTExZTYtOGY4OC0zNDM2M2JjN2M0YzAiOnsiY3JlYXRlIjo1NDAwMDAwMDAwMDAwLCJkZWxldGUiOjU0MDAwMDAwMDAwMDAsInJlYWQiOjMwMDAwMDAwMDAwMCwidXBkYXRlIjo1NDAwMDAwMDAwMDAwfX0="
        }
      ]
    },
    {
      "mode": "managed",
      "type": "azurerm_service_plan",
      "name": "app_plan",
      "provider": "provider[\"registry.terraform.io/hashicorp/azurerm\"]",
      "instances": [
        {
          "schema_version": 0,
          "attributes": {
            "app_service_environment_id": "",
            "id": "/subscriptions/128201c0-2feb-4be5-8c99-dcdfbc556b9c/resourceGroups/.net_chess_project/providers/Microsoft.Web/serverfarms/chess-app-service-plan-libkvm",
            "kind": "linux",
            "location": "northeurope",
            "maximum_elastic_worker_count": 1,
            "name": "chess-app-service-plan-libkvm",
            "os_type": "Linux",
            "per_site_scaling_enabled": false,
            "reserved": true,
            "resource_group_name": ".net_chess_project",
            "sku_name": "B1",
            "tags": null,
            "timeouts": null,
            "worker_count": 1,
            "zone_balancing_enabled": false
          },
          "sensitive_attributes": [],
          "private": "eyJlMmJmYjczMC1lY2FhLTExZTYtOGY4OC0zNDM2M2JjN2M0YzAiOnsiY3JlYXRlIjozNjAwMDAwMDAwMDAwLCJkZWxldGUiOjM2MDAwMDAwMDAwMDAsInJlYWQiOjMwMDAwMDAwMDAwMCwidXBkYXRlIjozNjAwMDAwMDAwMDAwfX0=",
          "dependencies": [
            "azurerm_resource_group.rg",
            "random_string.suffix"
          ]
        }
      ]
    },
    {
      "mode": "managed",
      "type": "azurerm_storage_account",
      "name": "sa",
      "provider": "provider[\"registry.terraform.io/hashicorp/azurerm\"]",
      "instances": [
        {
          "schema_version": 3,
          "attributes": {
            "access_tier": "Hot",
            "account_kind": "StorageV2",
            "account_replication_type": "LRS",
            "account_tier": "Standard",
            "allow_nested_items_to_be_public": true,
            "azure_files_authentication": [],
            "blob_properties": [
              {
                "change_feed_enabled": false,
                "container_delete_retention_policy": [],
                "cors_rule": [],
                "default_service_version": "",
                "delete_retention_policy": [],
                "last_access_time_enabled": false,
                "versioning_enabled": false
              }
            ],
            "cross_tenant_replication_enabled": true,
            "custom_domain": [],
            "customer_managed_key": [],
            "edge_zone": "",
            "enable_https_traffic_only": true,
            "id": "/subscriptions/128201c0-2feb-4be5-8c99-dcdfbc556b9c/resourceGroups/.net_chess_project/providers/Microsoft.Storage/storageAccounts/chessstoragelibkvm",
            "identity": [],
            "infrastructure_encryption_enabled": false,
            "is_hns_enabled": false,
            "large_file_share_enabled": null,
            "location": "northeurope",
            "min_tls_version": "TLS1_2",
            "name": "chessstoragelibkvm",
            "network_rules": [
              {
                "bypass": [
                  "AzureServices"
                ],
                "default_action": "Allow",
                "ip_rules": [],
                "private_link_access": [],
                "virtual_network_subnet_ids": []
              }
            ],
            "nfsv3_enabled": false,
            "primary_access_key": "mfwAFFuj9R2P+gc+bUMmmkezhE8sQwyMTBOeDkPwxR+B5R6GF6XyXB913lL40vn2u//vP6bCjnvj+AStehDTXw==",
            "primary_blob_connection_string": "DefaultEndpointsProtocol=https;BlobEndpoint=https://chessstoragelibkvm.blob.core.windows.net/;AccountName=chessstoragelibkvm;AccountKey=mfwAFFuj9R2P+gc+bUMmmkezhE8sQwyMTBOeDkPwxR+B5R6GF6XyXB913lL40vn2u//vP6bCjnvj+AStehDTXw==",
            "primary_blob_endpoint": "https://chessstoragelibkvm.blob.core.windows.net/",
            "primary_blob_host": "chessstoragelibkvm.blob.core.windows.net",
            "primary_connection_string": "DefaultEndpointsProtocol=https;AccountName=chessstoragelibkvm;AccountKey=mfwAFFuj9R2P+gc+bUMmmkezhE8sQwyMTBOeDkPwxR+B5R6GF6XyXB913lL40vn2u//vP6bCjnvj+AStehDTXw==;EndpointSuffix=core.windows.net",
            "primary_dfs_endpoint": "https://chessstoragelibkvm.dfs.core.windows.net/",
            "primary_dfs_host": "chessstoragelibkvm.dfs.core.windows.net",
            "primary_file_endpoint": "https://chessstoragelibkvm.file.core.windows.net/",
            "primary_file_host": "chessstoragelibkvm.file.core.windows.net",
            "primary_location": "northeurope",
            "primary_queue_endpoint": "https://chessstoragelibkvm.queue.core.windows.net/",
            "primary_queue_host": "chessstoragelibkvm.queue.core.windows.net",
            "primary_table_endpoint": "https://chessstoragelibkvm.table.core.windows.net/",
            "primary_table_host": "chessstoragelibkvm.table.core.windows.net",
            "primary_web_endpoint": "https://chessstoragelibkvm.z16.web.core.windows.net/",
            "primary_web_host": "chessstoragelibkvm.z16.web.core.windows.net",
            "queue_encryption_key_type": "Service",
            "queue_properties": [
              {
                "cors_rule": [],
                "hour_metrics": [
                  {
                    "enabled": true,
                    "include_apis": true,
                    "retention_policy_days": 7,
                    "version": "1.0"
                  }
                ],
                "logging": [
                  {
                    "delete": false,
                    "read": false,
                    "retention_policy_days": 0,
                    "version": "1.0",
                    "write": false
                  }
                ],
                "minute_metrics": [
                  {
                    "enabled": false,
                    "include_apis": false,
                    "retention_policy_days": 0,
                    "version": "1.0"
                  }
                ]
              }
            ],
            "resource_group_name": ".net_chess_project",
            "routing": [],
            "secondary_access_key": "jiwBzXgexLtCLrQsZtfwvdhTh9zLj8Gl0kWgTGP7uFZ+ZM3chu7Ceu/RqEfaYz3JVz0ApZ2L6PtB+AStmPMtMg==",
            "secondary_blob_connection_string": "",
            "secondary_blob_endpoint": null,
            "secondary_blob_host": null,
            "secondary_connection_string": "DefaultEndpointsProtocol=https;AccountName=chessstoragelibkvm;AccountKey=jiwBzXgexLtCLrQsZtfwvdhTh9zLj8Gl0kWgTGP7uFZ+ZM3chu7Ceu/RqEfaYz3JVz0ApZ2L6PtB+AStmPMtMg==;EndpointSuffix=core.windows.net",
            "secondary_dfs_endpoint": null,
            "secondary_dfs_host": null,
            "secondary_file_endpoint": null,
            "secondary_file_host": null,
            "secondary_location": "",
            "secondary_queue_endpoint": null,
            "secondary_queue_host": null,
            "secondary_table_endpoint": null,
            "secondary_table_host": null,
            "secondary_web_endpoint": null,
            "secondary_web_host": null,
            "share_properties": [
              {
                "cors_rule": [],
                "retention_policy": [
                  {
                    "days": 7
                  }
                ],
                "smb": []
              }
            ],
            "shared_access_key_enabled": true,
            "static_website": [],
            "table_encryption_key_type": "Service",
            "tags": {
              "environment": "prod"
            },
            "timeouts": null
          },
          "sensitive_attributes": [],
          "private": "eyJlMmJmYjczMC1lY2FhLTExZTYtOGY4OC0zNDM2M2JjN2M0YzAiOnsiY3JlYXRlIjozNjAwMDAwMDAwMDAwLCJkZWxldGUiOjM2MDAwMDAwMDAwMDAsInJlYWQiOjMwMDAwMDAwMDAwMCwidXBkYXRlIjozNjAwMDAwMDAwMDAwfSwic2NoZW1hX3ZlcnNpb24iOiIzIn0=",
          "dependencies": [
            "azurerm_resource_group.rg",
            "random_string.suffix"
          ]
        }
      ]
    },
    {
      "mode": "managed",
      "type": "azurerm_storage_share",
      "name": "sashare",
      "provider": "provider[\"registry.terraform.io/hashicorp/azurerm\"]",
      "instances": [
        {
          "schema_version": 2,
          "attributes": {
            "access_tier": "TransactionOptimized",
            "acl": [],
            "enabled_protocol": "SMB",
            "id": "https://chessstoragelibkvm.file.core.windows.net/chess-sashare-libkvm",
            "metadata": {},
            "name": "chess-sashare-libkvm",
            "quota": 50,
            "resource_manager_id": "/subscriptions/128201c0-2feb-4be5-8c99-dcdfbc556b9c/resourceGroups/.net_chess_project/providers/Microsoft.Storage/storageAccounts/chessstoragelibkvm/fileServices/default/fileshares/chess-sashare-libkvm",
            "storage_account_name": "chessstoragelibkvm",
            "timeouts": null,
            "url": "https://chessstoragelibkvm.file.core.windows.net/chess-sashare-libkvm"
          },
          "sensitive_attributes": [],
          "private": "eyJlMmJmYjczMC1lY2FhLTExZTYtOGY4OC0zNDM2M2JjN2M0YzAiOnsiY3JlYXRlIjoxODAwMDAwMDAwMDAwLCJkZWxldGUiOjE4MDAwMDAwMDAwMDAsInJlYWQiOjMwMDAwMDAwMDAwMCwidXBkYXRlIjoxODAwMDAwMDAwMDAwfSwic2NoZW1hX3ZlcnNpb24iOiIyIn0=",
          "dependencies": [
            "azurerm_resource_group.rg",
            "azurerm_storage_account.sa",
            "random_string.suffix"
          ]
        }
      ]
    },
    {
      "mode": "managed",
      "type": "random_string",
      "name": "suffix",
      "provider": "provider[\"registry.terraform.io/hashicorp/random\"]",
      "instances": [
        {
          "schema_version": 2,
          "attributes": {
            "id": "libkvm",
            "keepers": null,
            "length": 6,
            "lower": true,
            "min_lower": 0,
            "min_numeric": 0,
            "min_special": 0,
            "min_upper": 0,
            "number": true,
            "numeric": true,
            "override_special": null,
            "result": "libkvm",
            "special": false,
            "upper": false
          },
          "sensitive_attributes": [],
          "private": "eyJzY2hlbWFfdmVyc2lvbiI6IjIifQ=="
        }
      ]
    }
  ]
}
